
Microsoft Visual Studio Solution File, Format Version 12.00
# Visual Studio 15
VisualStudioVersion = 15.0.28307.271
MinimumVisualStudioVersion = 10.0.40219.1
Project("{FAE04EC0-301F-11D3-BF4B-00C04F79EFBC}") = "BepInEx.Harmony", "BepInEx.Harmony\BepInEx.Harmony.csproj", "{54161CFE-FF42-4DDE-B161-3A49545DB5CD}"
EndProject
Project("{FAE04EC0-301F-11D3-BF4B-00C04F79EFBC}") = "BepInEx.Harmony.Tests", "BepInEx.Harmony.Tests\BepInEx.Harmony.Tests.csproj", "{16F08747-D5B4-4B61-B29B-99489E361A43}"
EndProject
Global
	GlobalSection(SolutionConfigurationPlatforms) = preSolution
		Debug|Any CPU = Debug|Any CPU
		Release|Any CPU = Release|Any CPU
	EndGlobalSection
	GlobalSection(ProjectConfigurationPlatforms) = postSolution
		{54161CFE-FF42-4DDE-B161-3A49545DB5CD}.Debug|Any CPU.ActiveCfg = Debug|Any CPU
		{54161CFE-FF42-4DDE-B161-3A49545DB5CD}.Debug|Any CPU.Build.0 = Debug|Any CPU
		{54161CFE-FF42-4DDE-B161-3A49545DB5CD}.Release|Any CPU.ActiveCfg = Release|Any CPU
		{54161CFE-FF42-4DDE-B161-3A49545DB5CD}.Release|Any CPU.Build.0 = Release|Any CPU
		{16F08747-D5B4-4B61-B29B-99489E361A43}.Debug|Any CPU.ActiveCfg = Debug|Any CPU
		{16F08747-D5B4-4B61-B29B-99489E361A43}.Debug|Any CPU.Build.0 = Debug|Any CPU
		{16F08747-D5B4-4B61-B29B-99489E361A43}.Release|Any CPU.ActiveCfg = Release|Any CPU
		{16F08747-D5B4-4B61-B29B-99489E361A43}.Release|Any CPU.Build.0 = Release|Any CPU
	EndGlobalSection
	GlobalSection(SolutionProperties) = preSolution
		HideSolutionNode = FALSE
	EndGlobalSection
	GlobalSection(NestedProjects) = preSolution
	EndGlobalSection
	GlobalSection(ExtensibilityGlobals) = postSolution
		SolutionGuid = {89EE69F7-A706-482D-843E-761719BBE2EF}
	EndGlobalSection
EndGlobal
