
Microsoft Visual Studio Solution File, Format Version 12.00
# Visual Studio 15
VisualStudioVersion = 15.0.28307.271
MinimumVisualStudioVersion = 10.0.40219.1
Project("{FAE04EC0-301F-11D3-BF4B-00C04F79EFBC}") = "BepInEx.Harmony", "BepInEx.Harmony\BepInEx.Harmony.csproj", "{54161CFE-FF42-4DDE-B161-3A49545DB5CD}"
EndProject
Project("{FAE04EC0-301F-11D3-BF4B-00C04F79EFBC}") = "HarmonyXInterop", "HarmonyXInterop\HarmonyXInterop.csproj", "{160F7FE0-288D-435C-9E7E-497D3E0DE3A6}"
EndProject
Project("{FAE04EC0-301F-11D3-BF4B-00C04F79EFBC}") = "HarmonyX2Interop", "HarmonyX2Interop\HarmonyX2Interop.csproj", "{69F6541D-A0F5-419D-B0EE-F5017F1D34F3}"
EndProject
Global
	GlobalSection(SolutionConfigurationPlatforms) = preSolution
		Debug|Any CPU = Debug|Any CPU
		Release|Any CPU = Release|Any CPU
	EndGlobalSection
	GlobalSection(ProjectConfigurationPlatforms) = postSolution
		{54161CFE-FF42-4DDE-B161-3A49545DB5CD}.Debug|Any CPU.ActiveCfg = Debug|Any CPU
		{54161CFE-FF42-4DDE-B161-3A49545DB5CD}.Debug|Any CPU.Build.0 = Debug|Any CPU
		{54161CFE-FF42-4DDE-B161-3A49545DB5CD}.Release|Any CPU.ActiveCfg = Release|Any CPU
		{54161CFE-FF42-4DDE-B161-3A49545DB5CD}.Release|Any CPU.Build.0 = Release|Any CPU
		{160F7FE0-288D-435C-9E7E-497D3E0DE3A6}.Debug|Any CPU.ActiveCfg = Debug|Any CPU
		{160F7FE0-288D-435C-9E7E-497D3E0DE3A6}.Debug|Any CPU.Build.0 = Debug|Any CPU
		{160F7FE0-288D-435C-9E7E-497D3E0DE3A6}.Release|Any CPU.ActiveCfg = Release|Any CPU
		{160F7FE0-288D-435C-9E7E-497D3E0DE3A6}.Release|Any CPU.Build.0 = Release|Any CPU
		{69F6541D-A0F5-419D-B0EE-F5017F1D34F3}.Debug|Any CPU.ActiveCfg = Debug|Any CPU
		{69F6541D-A0F5-419D-B0EE-F5017F1D34F3}.Debug|Any CPU.Build.0 = Debug|Any CPU
		{69F6541D-A0F5-419D-B0EE-F5017F1D34F3}.Release|Any CPU.ActiveCfg = Release|Any CPU
		{69F6541D-A0F5-419D-B0EE-F5017F1D34F3}.Release|Any CPU.Build.0 = Release|Any CPU
	EndGlobalSection
	GlobalSection(SolutionProperties) = preSolution
		HideSolutionNode = FALSE
	EndGlobalSection
	GlobalSection(NestedProjects) = preSolution
	EndGlobalSection
	GlobalSection(ExtensibilityGlobals) = postSolution
		SolutionGuid = {89EE69F7-A706-482D-843E-761719BBE2EF}
	EndGlobalSection
EndGlobal
